// !$*UTF8*$!
{
	archiveVersion = 1;
	classes = {
	};
	objectVersion = 46;
	objects = {

/* Begin PBXBuildFile section */
		12B0594C19B8A0450064C7F7 /* Foundation.framework in Frameworks */ = {isa = PBXBuildFile; fileRef = 12B0594B19B8A0450064C7F7 /* Foundation.framework */; };
		12B0594E19B8A0450064C7F7 /* CoreGraphics.framework in Frameworks */ = {isa = PBXBuildFile; fileRef = 12B0594D19B8A0450064C7F7 /* CoreGraphics.framework */; };
		12B0595019B8A0450064C7F7 /* UIKit.framework in Frameworks */ = {isa = PBXBuildFile; fileRef = 12B0594F19B8A0450064C7F7 /* UIKit.framework */; };
		12B0595619B8A0450064C7F7 /* InfoPlist.strings in Resources */ = {isa = PBXBuildFile; fileRef = 12B0595419B8A0450064C7F7 /* InfoPlist.strings */; };
		12B0595819B8A0450064C7F7 /* main.m in Sources */ = {isa = PBXBuildFile; fileRef = 12B0595719B8A0450064C7F7 /* main.m */; };
		12B0595C19B8A0450064C7F7 /* CTTAppDelegate.m in Sources */ = {isa = PBXBuildFile; fileRef = 12B0595B19B8A0450064C7F7 /* CTTAppDelegate.m */; };
		12B0595F19B8A0450064C7F7 /* Main_iPhone.storyboard in Resources */ = {isa = PBXBuildFile; fileRef = 12B0595D19B8A0450064C7F7 /* Main_iPhone.storyboard */; };
		12B0596219B8A0450064C7F7 /* Main_iPad.storyboard in Resources */ = {isa = PBXBuildFile; fileRef = 12B0596019B8A0450064C7F7 /* Main_iPad.storyboard */; };
		12B0596519B8A0460064C7F7 /* CTTViewController.m in Sources */ = {isa = PBXBuildFile; fileRef = 12B0596419B8A0460064C7F7 /* CTTViewController.m */; };
		12B0596719B8A0460064C7F7 /* Images.xcassets in Resources */ = {isa = PBXBuildFile; fileRef = 12B0596619B8A0460064C7F7 /* Images.xcassets */; };
		12B0596E19B8A0460064C7F7 /* XCTest.framework in Frameworks */ = {isa = PBXBuildFile; fileRef = 12B0596D19B8A0460064C7F7 /* XCTest.framework */; };
		12B0596F19B8A0460064C7F7 /* Foundation.framework in Frameworks */ = {isa = PBXBuildFile; fileRef = 12B0594B19B8A0450064C7F7 /* Foundation.framework */; };
		12B0597019B8A0460064C7F7 /* UIKit.framework in Frameworks */ = {isa = PBXBuildFile; fileRef = 12B0594F19B8A0450064C7F7 /* UIKit.framework */; };
		12B0597819B8A0460064C7F7 /* InfoPlist.strings in Resources */ = {isa = PBXBuildFile; fileRef = 12B0597619B8A0460064C7F7 /* InfoPlist.strings */; };
		12B059A319B8A0DA0064C7F7 /* InfoPlist.strings in Resources */ = {isa = PBXBuildFile; fileRef = 12B0599D19B8A0DA0064C7F7 /* InfoPlist.strings */; };
		12B059A419B8A0DA0064C7F7 /* SALAttributedStringExtensionsSpec.m in Sources */ = {isa = PBXBuildFile; fileRef = 12B0599F19B8A0DA0064C7F7 /* SALAttributedStringExtensionsSpec.m */; };
		12B059A519B8A0DA0064C7F7 /* SALAttributedStringExtentionsExampleTests-Info.plist in Resources */ = {isa = PBXBuildFile; fileRef = 12B059A019B8A0DA0064C7F7 /* SALAttributedStringExtentionsExampleTests-Info.plist */; };
		12B059A919B8A22B0064C7F7 /* NSAttributedString+SALAttributedStringCustomAttributes.m in Sources */ = {isa = PBXBuildFile; fileRef = 12B059A819B8A22B0064C7F7 /* NSAttributedString+SALAttributedStringCustomAttributes.m */; };
		12B059AC19B8A2330064C7F7 /* SALAttributedStringExtensions.m in Sources */ = {isa = PBXBuildFile; fileRef = 12B059AB19B8A2330064C7F7 /* SALAttributedStringExtensions.m */; };
		12B059AF19B8A2400064C7F7 /* SALHTMLParser.m in Sources */ = {isa = PBXBuildFile; fileRef = 12B059AE19B8A2400064C7F7 /* SALHTMLParser.m */; };
		12B059B219B8A2470064C7F7 /* SALImageDownloader.m in Sources */ = {isa = PBXBuildFile; fileRef = 12B059B119B8A2470064C7F7 /* SALImageDownloader.m */; };
		12B059B519B8A24E0064C7F7 /* SALResizableTextAttachment.m in Sources */ = {isa = PBXBuildFile; fileRef = 12B059B419B8A24E0064C7F7 /* SALResizableTextAttachment.m */; };
		12B059B819B8A2540064C7F7 /* UIImage+SALImageResizeToFit.m in Sources */ = {isa = PBXBuildFile; fileRef = 12B059B719B8A2540064C7F7 /* UIImage+SALImageResizeToFit.m */; };
		72557574ED9C48C6A8B44185 /* libPods-SALAttributedStringExtentionsExampleTests.a in Frameworks */ = {isa = PBXBuildFile; fileRef = 2B49C72EB1B94EE7843C8415 /* libPods-SALAttributedStringExtentionsExampleTests.a */; };
		80F84D7C84A24B768DF013FB /* libPods.a in Frameworks */ = {isa = PBXBuildFile; fileRef = 4D42D8455754446FA85CB8DD /* libPods.a */; };
/* End PBXBuildFile section */

/* Begin PBXContainerItemProxy section */
		12B0597119B8A0460064C7F7 /* PBXContainerItemProxy */ = {
			isa = PBXContainerItemProxy;
			containerPortal = 12B0594019B8A0450064C7F7 /* Project object */;
			proxyType = 1;
			remoteGlobalIDString = 12B0594719B8A0450064C7F7;
			remoteInfo = SALAttributedStringExtentionsExample;
		};
/* End PBXContainerItemProxy section */

/* Begin PBXFileReference section */
		123FD5A8E3CF42F0AD1607D2 /* Pods-SALAttributedStringExtentionsExampleTests.xcconfig */ = {isa = PBXFileReference; includeInIndex = 1; lastKnownFileType = text.xcconfig; name = "Pods-SALAttributedStringExtentionsExampleTests.xcconfig"; path = "Pods/Pods-SALAttributedStringExtentionsExampleTests.xcconfig"; sourceTree = "<group>"; };
		12B0594819B8A0450064C7F7 /* SALAttributedStringExtentionsExample.app */ = {isa = PBXFileReference; explicitFileType = wrapper.application; includeInIndex = 0; path = SALAttributedStringExtentionsExample.app; sourceTree = BUILT_PRODUCTS_DIR; };
		12B0594B19B8A0450064C7F7 /* Foundation.framework */ = {isa = PBXFileReference; lastKnownFileType = wrapper.framework; name = Foundation.framework; path = System/Library/Frameworks/Foundation.framework; sourceTree = SDKROOT; };
		12B0594D19B8A0450064C7F7 /* CoreGraphics.framework */ = {isa = PBXFileReference; lastKnownFileType = wrapper.framework; name = CoreGraphics.framework; path = System/Library/Frameworks/CoreGraphics.framework; sourceTree = SDKROOT; };
		12B0594F19B8A0450064C7F7 /* UIKit.framework */ = {isa = PBXFileReference; lastKnownFileType = wrapper.framework; name = UIKit.framework; path = System/Library/Frameworks/UIKit.framework; sourceTree = SDKROOT; };
		12B0595319B8A0450064C7F7 /* SALAttributedStringExtentionsExample-Info.plist */ = {isa = PBXFileReference; lastKnownFileType = text.plist.xml; path = "SALAttributedStringExtentionsExample-Info.plist"; sourceTree = "<group>"; };
		12B0595519B8A0450064C7F7 /* en */ = {isa = PBXFileReference; lastKnownFileType = text.plist.strings; name = en; path = en.lproj/InfoPlist.strings; sourceTree = "<group>"; };
		12B0595719B8A0450064C7F7 /* main.m */ = {isa = PBXFileReference; lastKnownFileType = sourcecode.c.objc; path = main.m; sourceTree = "<group>"; };
		12B0595919B8A0450064C7F7 /* SALAttributedStringExtentionsExample-Prefix.pch */ = {isa = PBXFileReference; lastKnownFileType = sourcecode.c.h; path = "SALAttributedStringExtentionsExample-Prefix.pch"; sourceTree = "<group>"; };
		12B0595A19B8A0450064C7F7 /* CTTAppDelegate.h */ = {isa = PBXFileReference; lastKnownFileType = sourcecode.c.h; path = CTTAppDelegate.h; sourceTree = "<group>"; };
		12B0595B19B8A0450064C7F7 /* CTTAppDelegate.m */ = {isa = PBXFileReference; lastKnownFileType = sourcecode.c.objc; path = CTTAppDelegate.m; sourceTree = "<group>"; };
		12B0595E19B8A0450064C7F7 /* Base */ = {isa = PBXFileReference; lastKnownFileType = file.storyboard; name = Base; path = Base.lproj/Main_iPhone.storyboard; sourceTree = "<group>"; };
		12B0596119B8A0450064C7F7 /* Base */ = {isa = PBXFileReference; lastKnownFileType = file.storyboard; name = Base; path = Base.lproj/Main_iPad.storyboard; sourceTree = "<group>"; };
		12B0596319B8A0460064C7F7 /* CTTViewController.h */ = {isa = PBXFileReference; lastKnownFileType = sourcecode.c.h; path = CTTViewController.h; sourceTree = "<group>"; };
		12B0596419B8A0460064C7F7 /* CTTViewController.m */ = {isa = PBXFileReference; lastKnownFileType = sourcecode.c.objc; path = CTTViewController.m; sourceTree = "<group>"; };
		12B0596619B8A0460064C7F7 /* Images.xcassets */ = {isa = PBXFileReference; lastKnownFileType = folder.assetcatalog; path = Images.xcassets; sourceTree = "<group>"; };
		12B0596C19B8A0460064C7F7 /* SALAttributedStringExtentionsExampleTests.xctest */ = {isa = PBXFileReference; explicitFileType = wrapper.cfbundle; includeInIndex = 0; path = SALAttributedStringExtentionsExampleTests.xctest; sourceTree = BUILT_PRODUCTS_DIR; };
		12B0596D19B8A0460064C7F7 /* XCTest.framework */ = {isa = PBXFileReference; lastKnownFileType = wrapper.framework; name = XCTest.framework; path = Library/Frameworks/XCTest.framework; sourceTree = DEVELOPER_DIR; };
		12B0597519B8A0460064C7F7 /* SALAttributedStringExtentionsExampleTests-Info.plist */ = {isa = PBXFileReference; lastKnownFileType = text.plist.xml; path = "SALAttributedStringExtentionsExampleTests-Info.plist"; sourceTree = "<group>"; };
		12B0597719B8A0460064C7F7 /* en */ = {isa = PBXFileReference; lastKnownFileType = text.plist.strings; name = en; path = en.lproj/InfoPlist.strings; sourceTree = "<group>"; };
		12B0599E19B8A0DA0064C7F7 /* en */ = {isa = PBXFileReference; lastKnownFileType = text.plist.strings; name = en; path = en.lproj/InfoPlist.strings; sourceTree = "<group>"; };
		12B0599F19B8A0DA0064C7F7 /* SALAttributedStringExtensionsSpec.m */ = {isa = PBXFileReference; fileEncoding = 4; lastKnownFileType = sourcecode.c.objc; path = SALAttributedStringExtensionsSpec.m; sourceTree = "<group>"; };
		12B059A019B8A0DA0064C7F7 /* SALAttributedStringExtentionsExampleTests-Info.plist */ = {isa = PBXFileReference; fileEncoding = 4; lastKnownFileType = text.plist.xml; path = "SALAttributedStringExtentionsExampleTests-Info.plist"; sourceTree = "<group>"; };
		12B059A719B8A22B0064C7F7 /* NSAttributedString+SALAttributedStringCustomAttributes.h */ = {isa = PBXFileReference; fileEncoding = 4; lastKnownFileType = sourcecode.c.h; name = "NSAttributedString+SALAttributedStringCustomAttributes.h"; path = "SALAttributedStringExtensions/NSAttributedString+SALAttributedStringCustomAttributes/NSAttributedString+SALAttributedStringCustomAttributes.h"; sourceTree = SOURCE_ROOT; };
		12B059A819B8A22B0064C7F7 /* NSAttributedString+SALAttributedStringCustomAttributes.m */ = {isa = PBXFileReference; fileEncoding = 4; lastKnownFileType = sourcecode.c.objc; name = "NSAttributedString+SALAttributedStringCustomAttributes.m"; path = "SALAttributedStringExtensions/NSAttributedString+SALAttributedStringCustomAttributes/NSAttributedString+SALAttributedStringCustomAttributes.m"; sourceTree = SOURCE_ROOT; };
		12B059AA19B8A2330064C7F7 /* SALAttributedStringExtensions.h */ = {isa = PBXFileReference; fileEncoding = 4; lastKnownFileType = sourcecode.c.h; name = SALAttributedStringExtensions.h; path = SALAttributedStringExtensions/SALAttributedStringExtensions/SALAttributedStringExtensions.h; sourceTree = SOURCE_ROOT; };
		12B059AB19B8A2330064C7F7 /* SALAttributedStringExtensions.m */ = {isa = PBXFileReference; fileEncoding = 4; lastKnownFileType = sourcecode.c.objc; name = SALAttributedStringExtensions.m; path = SALAttributedStringExtensions/SALAttributedStringExtensions/SALAttributedStringExtensions.m; sourceTree = SOURCE_ROOT; };
		12B059AD19B8A2400064C7F7 /* SALHTMLParser.h */ = {isa = PBXFileReference; fileEncoding = 4; lastKnownFileType = sourcecode.c.h; name = SALHTMLParser.h; path = SALAttributedStringExtensions/SALHTMLParser/SALHTMLParser.h; sourceTree = SOURCE_ROOT; };
		12B059AE19B8A2400064C7F7 /* SALHTMLParser.m */ = {isa = PBXFileReference; fileEncoding = 4; lastKnownFileType = sourcecode.c.objc; name = SALHTMLParser.m; path = SALAttributedStringExtensions/SALHTMLParser/SALHTMLParser.m; sourceTree = SOURCE_ROOT; };
		12B059B019B8A2470064C7F7 /* SALImageDownloader.h */ = {isa = PBXFileReference; fileEncoding = 4; lastKnownFileType = sourcecode.c.h; name = SALImageDownloader.h; path = SALAttributedStringExtensions/SALImageDownloader/SALImageDownloader.h; sourceTree = SOURCE_ROOT; };
		12B059B119B8A2470064C7F7 /* SALImageDownloader.m */ = {isa = PBXFileReference; fileEncoding = 4; lastKnownFileType = sourcecode.c.objc; name = SALImageDownloader.m; path = SALAttributedStringExtensions/SALImageDownloader/SALImageDownloader.m; sourceTree = SOURCE_ROOT; };
		12B059B319B8A24E0064C7F7 /* SALResizableTextAttachment.h */ = {isa = PBXFileReference; fileEncoding = 4; lastKnownFileType = sourcecode.c.h; name = SALResizableTextAttachment.h; path = SALAttributedStringExtensions/SALResizableTextAttachment/SALResizableTextAttachment.h; sourceTree = SOURCE_ROOT; };
		12B059B419B8A24E0064C7F7 /* SALResizableTextAttachment.m */ = {isa = PBXFileReference; fileEncoding = 4; lastKnownFileType = sourcecode.c.objc; name = SALResizableTextAttachment.m; path = SALAttributedStringExtensions/SALResizableTextAttachment/SALResizableTextAttachment.m; sourceTree = SOURCE_ROOT; };
		12B059B619B8A2540064C7F7 /* UIImage+SALImageResizeToFit.h */ = {isa = PBXFileReference; fileEncoding = 4; lastKnownFileType = sourcecode.c.h; name = "UIImage+SALImageResizeToFit.h"; path = "SALAttributedStringExtensions/UIImage+SALImageResizeToFit/UIImage+SALImageResizeToFit.h"; sourceTree = SOURCE_ROOT; };
		12B059B719B8A2540064C7F7 /* UIImage+SALImageResizeToFit.m */ = {isa = PBXFileReference; fileEncoding = 4; lastKnownFileType = sourcecode.c.objc; name = "UIImage+SALImageResizeToFit.m"; path = "SALAttributedStringExtensions/UIImage+SALImageResizeToFit/UIImage+SALImageResizeToFit.m"; sourceTree = SOURCE_ROOT; };
		2B49C72EB1B94EE7843C8415 /* libPods-SALAttributedStringExtentionsExampleTests.a */ = {isa = PBXFileReference; explicitFileType = archive.ar; includeInIndex = 0; path = "libPods-SALAttributedStringExtentionsExampleTests.a"; sourceTree = BUILT_PRODUCTS_DIR; };
		3549358E7F0047D5AFE48F31 /* Pods.xcconfig */ = {isa = PBXFileReference; includeInIndex = 1; lastKnownFileType = text.xcconfig; name = Pods.xcconfig; path = Pods/Pods.xcconfig; sourceTree = "<group>"; };
		4D42D8455754446FA85CB8DD /* libPods.a */ = {isa = PBXFileReference; explicitFileType = archive.ar; includeInIndex = 0; path = libPods.a; sourceTree = BUILT_PRODUCTS_DIR; };
/* End PBXFileReference section */

/* Begin PBXFrameworksBuildPhase section */
		12B0594519B8A0450064C7F7 /* Frameworks */ = {
			isa = PBXFrameworksBuildPhase;
			buildActionMask = 2147483647;
			files = (
				12B0594E19B8A0450064C7F7 /* CoreGraphics.framework in Frameworks */,
				12B0595019B8A0450064C7F7 /* UIKit.framework in Frameworks */,
				12B0594C19B8A0450064C7F7 /* Foundation.framework in Frameworks */,
				80F84D7C84A24B768DF013FB /* libPods.a in Frameworks */,
			);
			runOnlyForDeploymentPostprocessing = 0;
		};
		12B0596919B8A0460064C7F7 /* Frameworks */ = {
			isa = PBXFrameworksBuildPhase;
			buildActionMask = 2147483647;
			files = (
				12B0596E19B8A0460064C7F7 /* XCTest.framework in Frameworks */,
				12B0597019B8A0460064C7F7 /* UIKit.framework in Frameworks */,
				12B0596F19B8A0460064C7F7 /* Foundation.framework in Frameworks */,
				72557574ED9C48C6A8B44185 /* libPods-SALAttributedStringExtentionsExampleTests.a in Frameworks */,
			);
			runOnlyForDeploymentPostprocessing = 0;
		};
/* End PBXFrameworksBuildPhase section */

/* Begin PBXGroup section */
		12B0593F19B8A0450064C7F7 = {
			isa = PBXGroup;
			children = (
				12B0598319B8A0AD0064C7F7 /* SALAttributedStringExtensions */,
				12B0595119B8A0450064C7F7 /* SALAttributedStringExtentionsExample */,
				12B0597319B8A0460064C7F7 /* SALAttributedStringExtentionsExampleTests */,
				12B0594A19B8A0450064C7F7 /* Frameworks */,
				12B0594919B8A0450064C7F7 /* Products */,
				3549358E7F0047D5AFE48F31 /* Pods.xcconfig */,
				123FD5A8E3CF42F0AD1607D2 /* Pods-SALAttributedStringExtentionsExampleTests.xcconfig */,
			);
			sourceTree = "<group>";
		};
		12B0594919B8A0450064C7F7 /* Products */ = {
			isa = PBXGroup;
			children = (
				12B0594819B8A0450064C7F7 /* SALAttributedStringExtentionsExample.app */,
				12B0596C19B8A0460064C7F7 /* SALAttributedStringExtentionsExampleTests.xctest */,
			);
			name = Products;
			sourceTree = "<group>";
		};
		12B0594A19B8A0450064C7F7 /* Frameworks */ = {
			isa = PBXGroup;
			children = (
				12B0594B19B8A0450064C7F7 /* Foundation.framework */,
				12B0594D19B8A0450064C7F7 /* CoreGraphics.framework */,
				12B0594F19B8A0450064C7F7 /* UIKit.framework */,
				12B0596D19B8A0460064C7F7 /* XCTest.framework */,
				4D42D8455754446FA85CB8DD /* libPods.a */,
				2B49C72EB1B94EE7843C8415 /* libPods-SALAttributedStringExtentionsExampleTests.a */,
			);
			name = Frameworks;
			sourceTree = "<group>";
		};
		12B0595119B8A0450064C7F7 /* SALAttributedStringExtentionsExample */ = {
			isa = PBXGroup;
			children = (
				12B0595A19B8A0450064C7F7 /* CTTAppDelegate.h */,
				12B0595B19B8A0450064C7F7 /* CTTAppDelegate.m */,
				12B0595D19B8A0450064C7F7 /* Main_iPhone.storyboard */,
				12B0596019B8A0450064C7F7 /* Main_iPad.storyboard */,
				12B0596319B8A0460064C7F7 /* CTTViewController.h */,
				12B0596419B8A0460064C7F7 /* CTTViewController.m */,
				12B0596619B8A0460064C7F7 /* Images.xcassets */,
				12B0595219B8A0450064C7F7 /* Supporting Files */,
			);
			path = SALAttributedStringExtentionsExample;
			sourceTree = "<group>";
		};
		12B0595219B8A0450064C7F7 /* Supporting Files */ = {
			isa = PBXGroup;
			children = (
				12B0595319B8A0450064C7F7 /* SALAttributedStringExtentionsExample-Info.plist */,
				12B0595419B8A0450064C7F7 /* InfoPlist.strings */,
				12B0595719B8A0450064C7F7 /* main.m */,
				12B0595919B8A0450064C7F7 /* SALAttributedStringExtentionsExample-Prefix.pch */,
			);
			name = "Supporting Files";
			sourceTree = "<group>";
		};
		12B0597319B8A0460064C7F7 /* SALAttributedStringExtentionsExampleTests */ = {
			isa = PBXGroup;
			children = (
				12B0599C19B8A0DA0064C7F7 /* SALAttributedStringExtentionsExampleTests */,
				12B0597419B8A0460064C7F7 /* Supporting Files */,
			);
			path = SALAttributedStringExtentionsExampleTests;
			sourceTree = "<group>";
		};
		12B0597419B8A0460064C7F7 /* Supporting Files */ = {
			isa = PBXGroup;
			children = (
				12B0597519B8A0460064C7F7 /* SALAttributedStringExtentionsExampleTests-Info.plist */,
				12B0597619B8A0460064C7F7 /* InfoPlist.strings */,
			);
			name = "Supporting Files";
			sourceTree = "<group>";
		};
		12B0598319B8A0AD0064C7F7 /* SALAttributedStringExtensions */ = {
			isa = PBXGroup;
			children = (
				12B0598419B8A0AD0064C7F7 /* NSAttributedString+SALAttributedStringCustomAttributes */,
				12B0598719B8A0AD0064C7F7 /* SALAttributedStringExtensions */,
				12B0598A19B8A0AD0064C7F7 /* SALHTMLParser */,
				12B0598D19B8A0AD0064C7F7 /* SALImageDownloader */,
				12B0599019B8A0AD0064C7F7 /* SALResizableTextAttachment */,
				12B0599319B8A0AD0064C7F7 /* UIImage+SALImageResizeToFit */,
			);
			name = SALAttributedStringExtensions;
			path = ../../SALAttributedStringExtensions;
			sourceTree = "<group>";
		};
		12B0598419B8A0AD0064C7F7 /* NSAttributedString+SALAttributedStringCustomAttributes */ = {
			isa = PBXGroup;
			children = (
				12B059A719B8A22B0064C7F7 /* NSAttributedString+SALAttributedStringCustomAttributes.h */,
				12B059A819B8A22B0064C7F7 /* NSAttributedString+SALAttributedStringCustomAttributes.m */,
			);
			path = "NSAttributedString+SALAttributedStringCustomAttributes";
			sourceTree = "<group>";
		};
		12B0598719B8A0AD0064C7F7 /* SALAttributedStringExtensions */ = {
			isa = PBXGroup;
			children = (
				12B059AA19B8A2330064C7F7 /* SALAttributedStringExtensions.h */,
				12B059AB19B8A2330064C7F7 /* SALAttributedStringExtensions.m */,
			);
			path = SALAttributedStringExtensions;
			sourceTree = "<group>";
		};
		12B0598A19B8A0AD0064C7F7 /* SALHTMLParser */ = {
			isa = PBXGroup;
			children = (
				12B059AD19B8A2400064C7F7 /* SALHTMLParser.h */,
				12B059AE19B8A2400064C7F7 /* SALHTMLParser.m */,
			);
			path = SALHTMLParser;
			sourceTree = "<group>";
		};
		12B0598D19B8A0AD0064C7F7 /* SALImageDownloader */ = {
			isa = PBXGroup;
			children = (
				12B059B019B8A2470064C7F7 /* SALImageDownloader.h */,
				12B059B119B8A2470064C7F7 /* SALImageDownloader.m */,
			);
			path = SALImageDownloader;
			sourceTree = "<group>";
		};
		12B0599019B8A0AD0064C7F7 /* SALResizableTextAttachment */ = {
			isa = PBXGroup;
			children = (
				12B059B319B8A24E0064C7F7 /* SALResizableTextAttachment.h */,
				12B059B419B8A24E0064C7F7 /* SALResizableTextAttachment.m */,
			);
			path = SALResizableTextAttachment;
			sourceTree = "<group>";
		};
		12B0599319B8A0AD0064C7F7 /* UIImage+SALImageResizeToFit */ = {
			isa = PBXGroup;
			children = (
				12B059B619B8A2540064C7F7 /* UIImage+SALImageResizeToFit.h */,
				12B059B719B8A2540064C7F7 /* UIImage+SALImageResizeToFit.m */,
			);
			path = "UIImage+SALImageResizeToFit";
			sourceTree = "<group>";
		};
		12B0599C19B8A0DA0064C7F7 /* SALAttributedStringExtentionsExampleTests */ = {
			isa = PBXGroup;
			children = (
				12B0599D19B8A0DA0064C7F7 /* InfoPlist.strings */,
				12B0599F19B8A0DA0064C7F7 /* SALAttributedStringExtensionsSpec.m */,
				12B059A019B8A0DA0064C7F7 /* SALAttributedStringExtentionsExampleTests-Info.plist */,
			);
			name = SALAttributedStringExtentionsExampleTests;
			sourceTree = "<group>";
		};
/* End PBXGroup section */

/* Begin PBXNativeTarget section */
		12B0594719B8A0450064C7F7 /* SALAttributedStringExtentionsExample */ = {
			isa = PBXNativeTarget;
			buildConfigurationList = 12B0597D19B8A0460064C7F7 /* Build configuration list for PBXNativeTarget "SALAttributedStringExtentionsExample" */;
			buildPhases = (
				00ECF957ED7D44B99DC01D2B /* Check Pods Manifest.lock */,
				12B0594419B8A0450064C7F7 /* Sources */,
				12B0594519B8A0450064C7F7 /* Frameworks */,
				12B0594619B8A0450064C7F7 /* Resources */,
				204B7D75C7244478A8317915 /* Copy Pods Resources */,
			);
			buildRules = (
			);
			dependencies = (
			);
			name = SALAttributedStringExtentionsExample;
			productName = SALAttributedStringExtentionsExample;
			productReference = 12B0594819B8A0450064C7F7 /* SALAttributedStringExtentionsExample.app */;
			productType = "com.apple.product-type.application";
		};
		12B0596B19B8A0460064C7F7 /* SALAttributedStringExtentionsExampleTests */ = {
			isa = PBXNativeTarget;
			buildConfigurationList = 12B0598019B8A0460064C7F7 /* Build configuration list for PBXNativeTarget "SALAttributedStringExtentionsExampleTests" */;
			buildPhases = (
				B2365B3F73B942DD91B43246 /* Check Pods Manifest.lock */,
				12B0596819B8A0460064C7F7 /* Sources */,
				12B0596919B8A0460064C7F7 /* Frameworks */,
				12B0596A19B8A0460064C7F7 /* Resources */,
				C71499D1F21F4F09BBAD51B8 /* Copy Pods Resources */,
			);
			buildRules = (
			);
			dependencies = (
				12B0597219B8A0460064C7F7 /* PBXTargetDependency */,
			);
			name = SALAttributedStringExtentionsExampleTests;
			productName = SALAttributedStringExtentionsExampleTests;
			productReference = 12B0596C19B8A0460064C7F7 /* SALAttributedStringExtentionsExampleTests.xctest */;
			productType = "com.apple.product-type.bundle.unit-test";
		};
/* End PBXNativeTarget section */

/* Begin PBXProject section */
		12B0594019B8A0450064C7F7 /* Project object */ = {
			isa = PBXProject;
			attributes = {
				CLASSPREFIX = CTT;
				LastUpgradeCheck = 0510;
				ORGANIZATIONNAME = "Seeking Alpha";
				TargetAttributes = {
					12B0596B19B8A0460064C7F7 = {
						TestTargetID = 12B0594719B8A0450064C7F7;
					};
				};
			};
			buildConfigurationList = 12B0594319B8A0450064C7F7 /* Build configuration list for PBXProject "SALAttributedStringExtentionsExample" */;
			compatibilityVersion = "Xcode 3.2";
			developmentRegion = English;
			hasScannedForEncodings = 0;
			knownRegions = (
				en,
				Base,
			);
			mainGroup = 12B0593F19B8A0450064C7F7;
			productRefGroup = 12B0594919B8A0450064C7F7 /* Products */;
			projectDirPath = "";
			projectRoot = "";
			targets = (
				12B0594719B8A0450064C7F7 /* SALAttributedStringExtentionsExample */,
				12B0596B19B8A0460064C7F7 /* SALAttributedStringExtentionsExampleTests */,
			);
		};
/* End PBXProject section */

/* Begin PBXResourcesBuildPhase section */
		12B0594619B8A0450064C7F7 /* Resources */ = {
			isa = PBXResourcesBuildPhase;
			buildActionMask = 2147483647;
			files = (
				12B0596219B8A0450064C7F7 /* Main_iPad.storyboard in Resources */,
				12B0596719B8A0460064C7F7 /* Images.xcassets in Resources */,
				12B0595F19B8A0450064C7F7 /* Main_iPhone.storyboard in Resources */,
				12B0595619B8A0450064C7F7 /* InfoPlist.strings in Resources */,
			);
			runOnlyForDeploymentPostprocessing = 0;
		};
		12B0596A19B8A0460064C7F7 /* Resources */ = {
			isa = PBXResourcesBuildPhase;
			buildActionMask = 2147483647;
			files = (
				12B0597819B8A0460064C7F7 /* InfoPlist.strings in Resources */,
				12B059A319B8A0DA0064C7F7 /* InfoPlist.strings in Resources */,
				12B059A519B8A0DA0064C7F7 /* SALAttributedStringExtentionsExampleTests-Info.plist in Resources */,
			);
			runOnlyForDeploymentPostprocessing = 0;
		};
/* End PBXResourcesBuildPhase section */

/* Begin PBXShellScriptBuildPhase section */
		00ECF957ED7D44B99DC01D2B /* Check Pods Manifest.lock */ = {
			isa = PBXShellScriptBuildPhase;
			buildActionMask = 2147483647;
			files = (
			);
			inputPaths = (
			);
			name = "Check Pods Manifest.lock";
			outputPaths = (
			);
			runOnlyForDeploymentPostprocessing = 0;
			shellPath = /bin/sh;
			shellScript = "diff \"${PODS_ROOT}/../Podfile.lock\" \"${PODS_ROOT}/Manifest.lock\" > /dev/null\nif [[ $? != 0 ]] ; then\n    cat << EOM\nerror: The sandbox is not in sync with the Podfile.lock. Run 'pod install' or update your CocoaPods installation.\nEOM\n    exit 1\nfi\n";
			showEnvVarsInLog = 0;
		};
		204B7D75C7244478A8317915 /* Copy Pods Resources */ = {
			isa = PBXShellScriptBuildPhase;
			buildActionMask = 2147483647;
			files = (
			);
			inputPaths = (
			);
			name = "Copy Pods Resources";
			outputPaths = (
			);
			runOnlyForDeploymentPostprocessing = 0;
			shellPath = /bin/sh;
			shellScript = "\"${SRCROOT}/Pods/Pods-resources.sh\"\n";
			showEnvVarsInLog = 0;
		};
		B2365B3F73B942DD91B43246 /* Check Pods Manifest.lock */ = {
			isa = PBXShellScriptBuildPhase;
			buildActionMask = 2147483647;
			files = (
			);
			inputPaths = (
			);
			name = "Check Pods Manifest.lock";
			outputPaths = (
			);
			runOnlyForDeploymentPostprocessing = 0;
			shellPath = /bin/sh;
			shellScript = "diff \"${PODS_ROOT}/../Podfile.lock\" \"${PODS_ROOT}/Manifest.lock\" > /dev/null\nif [[ $? != 0 ]] ; then\n    cat << EOM\nerror: The sandbox is not in sync with the Podfile.lock. Run 'pod install' or update your CocoaPods installation.\nEOM\n    exit 1\nfi\n";
			showEnvVarsInLog = 0;
		};
		C71499D1F21F4F09BBAD51B8 /* Copy Pods Resources */ = {
			isa = PBXShellScriptBuildPhase;
			buildActionMask = 2147483647;
			files = (
			);
			inputPaths = (
			);
			name = "Copy Pods Resources";
			outputPaths = (
			);
			runOnlyForDeploymentPostprocessing = 0;
			shellPath = /bin/sh;
			shellScript = "\"${SRCROOT}/Pods/Pods-SALAttributedStringExtentionsExampleTests-resources.sh\"\n";
			showEnvVarsInLog = 0;
		};
/* End PBXShellScriptBuildPhase section */

/* Begin PBXSourcesBuildPhase section */
		12B0594419B8A0450064C7F7 /* Sources */ = {
			isa = PBXSourcesBuildPhase;
			buildActionMask = 2147483647;
			files = (
				12B059B519B8A24E0064C7F7 /* SALResizableTextAttachment.m in Sources */,
				12B0596519B8A0460064C7F7 /* CTTViewController.m in Sources */,
				12B059B219B8A2470064C7F7 /* SALImageDownloader.m in Sources */,
				12B0595C19B8A0450064C7F7 /* CTTAppDelegate.m in Sources */,
				12B059B819B8A2540064C7F7 /* UIImage+SALImageResizeToFit.m in Sources */,
				12B0595819B8A0450064C7F7 /* main.m in Sources */,
				12B059AF19B8A2400064C7F7 /* SALHTMLParser.m in Sources */,
				12B059AC19B8A2330064C7F7 /* SALAttributedStringExtensions.m in Sources */,
				12B059A919B8A22B0064C7F7 /* NSAttributedString+SALAttributedStringCustomAttributes.m in Sources */,
			);
			runOnlyForDeploymentPostprocessing = 0;
		};
		12B0596819B8A0460064C7F7 /* Sources */ = {
			isa = PBXSourcesBuildPhase;
			buildActionMask = 2147483647;
			files = (
				12B059A419B8A0DA0064C7F7 /* SALAttributedStringExtensionsSpec.m in Sources */,
			);
			runOnlyForDeploymentPostprocessing = 0;
		};
/* End PBXSourcesBuildPhase section */

/* Begin PBXTargetDependency section */
		12B0597219B8A0460064C7F7 /* PBXTargetDependency */ = {
			isa = PBXTargetDependency;
			target = 12B0594719B8A0450064C7F7 /* SALAttributedStringExtentionsExample */;
			targetProxy = 12B0597119B8A0460064C7F7 /* PBXContainerItemProxy */;
		};
/* End PBXTargetDependency section */

/* Begin PBXVariantGroup section */
		12B0595419B8A0450064C7F7 /* InfoPlist.strings */ = {
			isa = PBXVariantGroup;
			children = (
				12B0595519B8A0450064C7F7 /* en */,
			);
			name = InfoPlist.strings;
			sourceTree = "<group>";
		};
		12B0595D19B8A0450064C7F7 /* Main_iPhone.storyboard */ = {
			isa = PBXVariantGroup;
			children = (
				12B0595E19B8A0450064C7F7 /* Base */,
			);
			name = Main_iPhone.storyboard;
			sourceTree = "<group>";
		};
		12B0596019B8A0450064C7F7 /* Main_iPad.storyboard */ = {
			isa = PBXVariantGroup;
			children = (
				12B0596119B8A0450064C7F7 /* Base */,
			);
			name = Main_iPad.storyboard;
			sourceTree = "<group>";
		};
		12B0597619B8A0460064C7F7 /* InfoPlist.strings */ = {
			isa = PBXVariantGroup;
			children = (
				12B0597719B8A0460064C7F7 /* en */,
			);
			name = InfoPlist.strings;
			sourceTree = "<group>";
		};
		12B0599D19B8A0DA0064C7F7 /* InfoPlist.strings */ = {
			isa = PBXVariantGroup;
			children = (
				12B0599E19B8A0DA0064C7F7 /* en */,
			);
			name = InfoPlist.strings;
			sourceTree = "<group>";
		};
/* End PBXVariantGroup section */

/* Begin XCBuildConfiguration section */
		12B0597B19B8A0460064C7F7 /* Debug */ = {
			isa = XCBuildConfiguration;
			buildSettings = {
				ALWAYS_SEARCH_USER_PATHS = NO;
				CLANG_CXX_LANGUAGE_STANDARD = "gnu++0x";
				CLANG_CXX_LIBRARY = "libc++";
				CLANG_ENABLE_MODULES = YES;
				CLANG_ENABLE_OBJC_ARC = YES;
				CLANG_WARN_BOOL_CONVERSION = YES;
				CLANG_WARN_CONSTANT_CONVERSION = YES;
				CLANG_WARN_DIRECT_OBJC_ISA_USAGE = YES_ERROR;
				CLANG_WARN_EMPTY_BODY = YES;
				CLANG_WARN_ENUM_CONVERSION = YES;
				CLANG_WARN_INT_CONVERSION = YES;
				CLANG_WARN_OBJC_ROOT_CLASS = YES_ERROR;
				CLANG_WARN__DUPLICATE_METHOD_MATCH = YES;
				"CODE_SIGN_IDENTITY[sdk=iphoneos*]" = "iPhone Developer";
				COPY_PHASE_STRIP = NO;
				GCC_C_LANGUAGE_STANDARD = gnu99;
				GCC_DYNAMIC_NO_PIC = NO;
				GCC_OPTIMIZATION_LEVEL = 0;
				GCC_PREPROCESSOR_DEFINITIONS = (
					"DEBUG=1",
					"$(inherited)",
				);
				GCC_SYMBOLS_PRIVATE_EXTERN = NO;
				GCC_WARN_64_TO_32_BIT_CONVERSION = YES;
				GCC_WARN_ABOUT_RETURN_TYPE = YES_ERROR;
				GCC_WARN_UNDECLARED_SELECTOR = YES;
				GCC_WARN_UNINITIALIZED_AUTOS = YES_AGGRESSIVE;
				GCC_WARN_UNUSED_FUNCTION = YES;
				GCC_WARN_UNUSED_VARIABLE = YES;
				IPHONEOS_DEPLOYMENT_TARGET = 7.1;
				ONLY_ACTIVE_ARCH = YES;
				SDKROOT = iphoneos;
				TARGETED_DEVICE_FAMILY = "1,2";
			};
			name = Debug;
		};
		12B0597C19B8A0460064C7F7 /* Release */ = {
			isa = XCBuildConfiguration;
			buildSettings = {
				ALWAYS_SEARCH_USER_PATHS = NO;
				CLANG_CXX_LANGUAGE_STANDARD = "gnu++0x";
				CLANG_CXX_LIBRARY = "libc++";
				CLANG_ENABLE_MODULES = YES;
				CLANG_ENABLE_OBJC_ARC = YES;
				CLANG_WARN_BOOL_CONVERSION = YES;
				CLANG_WARN_CONSTANT_CONVERSION = YES;
				CLANG_WARN_DIRECT_OBJC_ISA_USAGE = YES_ERROR;
				CLANG_WARN_EMPTY_BODY = YES;
				CLANG_WARN_ENUM_CONVERSION = YES;
				CLANG_WARN_INT_CONVERSION = YES;
				CLANG_WARN_OBJC_ROOT_CLASS = YES_ERROR;
				CLANG_WARN__DUPLICATE_METHOD_MATCH = YES;
				"CODE_SIGN_IDENTITY[sdk=iphoneos*]" = "iPhone Developer";
				COPY_PHASE_STRIP = YES;
				ENABLE_NS_ASSERTIONS = NO;
				GCC_C_LANGUAGE_STANDARD = gnu99;
				GCC_WARN_64_TO_32_BIT_CONVERSION = YES;
				GCC_WARN_ABOUT_RETURN_TYPE = YES_ERROR;
				GCC_WARN_UNDECLARED_SELECTOR = YES;
				GCC_WARN_UNINITIALIZED_AUTOS = YES_AGGRESSIVE;
				GCC_WARN_UNUSED_FUNCTION = YES;
				GCC_WARN_UNUSED_VARIABLE = YES;
				IPHONEOS_DEPLOYMENT_TARGET = 7.1;
				SDKROOT = iphoneos;
				TARGETED_DEVICE_FAMILY = "1,2";
				VALIDATE_PRODUCT = YES;
			};
			name = Release;
		};
		12B0597E19B8A0460064C7F7 /* Debug */ = {
			isa = XCBuildConfiguration;
			baseConfigurationReference = 3549358E7F0047D5AFE48F31 /* Pods.xcconfig */;
			buildSettings = {
				ASSETCATALOG_COMPILER_APPICON_NAME = AppIcon;
				ASSETCATALOG_COMPILER_LAUNCHIMAGE_NAME = LaunchImage;
				GCC_PRECOMPILE_PREFIX_HEADER = YES;
				GCC_PREFIX_HEADER = "SALAttributedStringExtentionsExample/SALAttributedStringExtentionsExample-Prefix.pch";
				INFOPLIST_FILE = "SALAttributedStringExtentionsExample/SALAttributedStringExtentionsExample-Info.plist";
				PRODUCT_NAME = "$(TARGET_NAME)";
				WRAPPER_EXTENSION = app;
			};
			name = Debug;
		};
		12B0597F19B8A0460064C7F7 /* Release */ = {
			isa = XCBuildConfiguration;
			baseConfigurationReference = 3549358E7F0047D5AFE48F31 /* Pods.xcconfig */;
			buildSettings = {
				ASSETCATALOG_COMPILER_APPICON_NAME = AppIcon;
				ASSETCATALOG_COMPILER_LAUNCHIMAGE_NAME = LaunchImage;
				GCC_PRECOMPILE_PREFIX_HEADER = YES;
				GCC_PREFIX_HEADER = "SALAttributedStringExtentionsExample/SALAttributedStringExtentionsExample-Prefix.pch";
				INFOPLIST_FILE = "SALAttributedStringExtentionsExample/SALAttributedStringExtentionsExample-Info.plist";
				PRODUCT_NAME = "$(TARGET_NAME)";
				WRAPPER_EXTENSION = app;
			};
			name = Release;
		};
		12B0598119B8A0460064C7F7 /* Debug */ = {
			isa = XCBuildConfiguration;
			baseConfigurationReference = 123FD5A8E3CF42F0AD1607D2 /* Pods-SALAttributedStringExtentionsExampleTests.xcconfig */;
			buildSettings = {
				BUNDLE_LOADER = "$(BUILT_PRODUCTS_DIR)/SALAttributedStringExtentionsExample.app/SALAttributedStringExtentionsExample";
				FRAMEWORK_SEARCH_PATHS = (
					"$(SDKROOT)/Developer/Library/Frameworks",
					"$(inherited)",
					"$(DEVELOPER_FRAMEWORKS_DIR)",
				);
				GCC_PRECOMPILE_PREFIX_HEADER = YES;
				GCC_PREFIX_HEADER = "SALAttributedStringExtentionsExample/SALAttributedStringExtentionsExample-Prefix.pch";
				GCC_PREPROCESSOR_DEFINITIONS = (
					"DEBUG=1",
					"$(inherited)",
				);
				INFOPLIST_FILE = "SALAttributedStringExtentionsExampleTests/SALAttributedStringExtentionsExampleTests-Info.plist";
				PRODUCT_NAME = "$(TARGET_NAME)";
				TEST_HOST = "$(BUNDLE_LOADER)";
				WRAPPER_EXTENSION = xctest;
			};
			name = Debug;
		};
		12B0598219B8A0460064C7F7 /* Release */ = {
			isa = XCBuildConfiguration;
			baseConfigurationReference = 123FD5A8E3CF42F0AD1607D2 /* Pods-SALAttributedStringExtentionsExampleTests.xcconfig */;
			buildSettings = {
				BUNDLE_LOADER = "$(BUILT_PRODUCTS_DIR)/SALAttributedStringExtentionsExample.app/SALAttributedStringExtentionsExample";
				FRAMEWORK_SEARCH_PATHS = (
					"$(SDKROOT)/Developer/Library/Frameworks",
					"$(inherited)",
					"$(DEVELOPER_FRAMEWORKS_DIR)",
				);
				GCC_PRECOMPILE_PREFIX_HEADER = YES;
				GCC_PREFIX_HEADER = "SALAttributedStringExtentionsExample/SALAttributedStringExtentionsExample-Prefix.pch";
				INFOPLIST_FILE = "SALAttributedStringExtentionsExampleTests/SALAttributedStringExtentionsExampleTests-Info.plist";
				PRODUCT_NAME = "$(TARGET_NAME)";
				TEST_HOST = "$(BUNDLE_LOADER)";
				WRAPPER_EXTENSION = xctest;
			};
			name = Release;
		};
/* End XCBuildConfiguration section */

/* Begin XCConfigurationList section */
		12B0594319B8A0450064C7F7 /* Build configuration list for PBXProject "SALAttributedStringExtentionsExample" */ = {
			isa = XCConfigurationList;
			buildConfigurations = (
				12B0597B19B8A0460064C7F7 /* Debug */,
				12B0597C19B8A0460064C7F7 /* Release */,
			);
			defaultConfigurationIsVisible = 0;
			defaultConfigurationName = Release;
		};
		12B0597D19B8A0460064C7F7 /* Build configuration list for PBXNativeTarget "SALAttributedStringExtentionsExample" */ = {
			isa = XCConfigurationList;
			buildConfigurations = (
				12B0597E19B8A0460064C7F7 /* Debug */,
				12B0597F19B8A0460064C7F7 /* Release */,
			);
			defaultConfigurationIsVisible = 0;
			defaultConfigurationName = Release;
		};
		12B0598019B8A0460064C7F7 /* Build configuration list for PBXNativeTarget "SALAttributedStringExtentionsExampleTests" */ = {
			isa = XCConfigurationList;
			buildConfigurations = (
				12B0598119B8A0460064C7F7 /* Debug */,
				12B0598219B8A0460064C7F7 /* Release */,
			);
			defaultConfigurationIsVisible = 0;
			defaultConfigurationName = Release;
		};
/* End XCConfigurationList section */
	};
	rootObject = 12B0594019B8A0450064C7F7 /* Project object */;
}
